{
  "name": "visualization",
  "lockfileVersion": 3,
  "requires": true,
  "packages": {
    "": {
      "dependencies": {
        "cytoscape": "^3.32.0",
        "cytoscape-elk": "^2.3.0"
      }
    },
    "node_modules/cytoscape": {
      "version": "3.32.0",
      "resolved": "https://registry.npmjs.org/cytoscape/-/cytoscape-3.32.0.tgz",
      "integrity": "sha512-5JHBC9n75kz5851jeklCPmZWcg3hUe6sjqJvyk3+hVqFaKcHwHgxsjeN1yLmggoUc6STbtm9/NQyabQehfjvWQ==",
      "license": "MIT",
      "engines": {
        "node": ">=0.10"
      }
    },
    "node_modules/cytoscape-elk": {
      "version": "2.3.0",
      "resolved": "https://registry.npmjs.org/cytoscape-elk/-/cytoscape-elk-2.3.0.tgz",
      "integrity": "sha512-1h2ZmPOy5HD2+mrfF3P2ICxfnDyPCWg/xLVs7fIjTOzdQu51ydrMtm6Sb7KnhFwLBzhGIVYI2Gbns0njggBarQ==",
      "license": "MIT",
      "dependencies": {
        "elkjs": "^0.9.3"
      },
      "peerDependencies": {
        "cytoscape": "^3.2.0"
      }
    },
    "node_modules/elkjs": {
      "version": "0.9.3",
      "resolved": "https://registry.npmjs.org/elkjs/-/elkjs-0.9.3.tgz",
      "integrity": "sha512-f/ZeWvW/BCXbhGEf1Ujp29EASo/lk1FDnETgNKwJrsVvGZhUWCZyg3xLJjAsxfOmt8KjswHmI5EwCQcPMpOYhQ==",
      "license": "EPL-2.0"
    }
  }
}
